{
  "pins" : [
    {
      "identity" : "swiftnetworkinglayer",
      "kind" : "remoteSourceControl",
      "location" : "https://github.com/cjalberto/SwiftNetworkingLayer.git",
      "state" : {
        "branch" : "develop",
        "revision" : "9168197abaca3423a161f273002b9cf0268e1100"
      }
    }
  ],
  "version" : 2
}
