{
  "pins" : [
    {
      "identity" : "swiftnetworkinglayer",
      "kind" : "remoteSourceControl",
      "location" : "https://github.com/cjalberto/SwiftNetworkingLayer.git",
      "state" : {
        "branch" : "develop",
        "revision" : "12992fdb7093bf4a137ade7b727cea941ebcbb50"
      }
    }
  ],
  "version" : 3
}
