{
  "originHash" : "f233703c2c315f5a0a37ccc14d8ab7a6e200701b74ddfc9f684366b9d5187b78",
  "pins" : [
    {
      "identity" : "swiftnetworkinglayer",
      "kind" : "remoteSourceControl",
      "location" : "https://github.com/cjalberto/SwiftNetworkingLayer.git",
      "state" : {
        "branch" : "develop",
        "revision" : "9168197abaca3423a161f273002b9cf0268e1100"
      }
    }
  ],
  "version" : 3
}
