// !$*UTF8*$!
{
	archiveVersion = 1;
	classes = {
	};
	objectVersion = 56;
	objects = {

/* Begin PBXBuildFile section */
		4570B08F2C52F50900555132 /* apiTests.swift in Sources */ = {isa = PBXBuildFile; fileRef = 4570B08E2C52F50900555132 /* apiTests.swift */; };
		4583DE022BD02F4F005230AD /* HTTPClientError.swift in Sources */ = {isa = PBXBuildFile; fileRef = 4583DE012BD02F4F005230AD /* HTTPClientError.swift */; };
		458BAF572B788BF4008FEDAC /* apiApp.swift in Sources */ = {isa = PBXBuildFile; fileRef = 458BAF562B788BF4008FEDAC /* apiApp.swift */; };
		458BAF5B2B788BF4008FEDAC /* ContentView.swift in Sources */ = {isa = PBXBuildFile; fileRef = 458BAF5A2B788BF4008FEDAC /* ContentView.swift */; };
		458BAF5D2B788BF5008FEDAC /* Assets.xcassets in Resources */ = {isa = PBXBuildFile; fileRef = 458BAF5C2B788BF5008FEDAC /* Assets.xcassets */; };
		458BAF602B788BF5008FEDAC /* Preview Assets.xcassets in Resources */ = {isa = PBXBuildFile; fileRef = 458BAF5F2B788BF5008FEDAC /* Preview Assets.xcassets */; };
		458BAF8A2B788C8F008FEDAC /* CoinsClient.swift in Sources */ = {isa = PBXBuildFile; fileRef = 458BAF872B788C8F008FEDAC /* CoinsClient.swift */; };
		458BAF8B2B788C8F008FEDAC /* GlobalClient.swift in Sources */ = {isa = PBXBuildFile; fileRef = 458BAF882B788C8F008FEDAC /* GlobalClient.swift */; };
		458BAF8C2B788C8F008FEDAC /* SimpleClient.swift in Sources */ = {isa = PBXBuildFile; fileRef = 458BAF892B788C8F008FEDAC /* SimpleClient.swift */; };
		458BAF902B788C9A008FEDAC /* EndpointClient.swift in Sources */ = {isa = PBXBuildFile; fileRef = 458BAF8F2B788C9A008FEDAC /* EndpointClient.swift */; };
		458BAF952B788CA9008FEDAC /* CriptoCurrencyPriceInfoDTO.swift in Sources */ = {isa = PBXBuildFile; fileRef = 458BAF922B788CA9008FEDAC /* CriptoCurrencyPriceInfoDTO.swift */; };
		458BAF962B788CA9008FEDAC /* CriptoCurrencyBasicDTO.swift in Sources */ = {isa = PBXBuildFile; fileRef = 458BAF932B788CA9008FEDAC /* CriptoCurrencyBasicDTO.swift */; };
		458BAF972B788CA9008FEDAC /* CryptoCurrencyGlobalInfoDTO.swift in Sources */ = {isa = PBXBuildFile; fileRef = 458BAF942B788CA9008FEDAC /* CryptoCurrencyGlobalInfoDTO.swift */; };
		458BAF992B788DE8008FEDAC /* Enviroment.swift in Sources */ = {isa = PBXBuildFile; fileRef = 458BAF982B788DE8008FEDAC /* Enviroment.swift */; };
		458BAF9D2B788F8C008FEDAC /* BaseUrl.swift in Sources */ = {isa = PBXBuildFile; fileRef = 458BAF9C2B788F8B008FEDAC /* BaseUrl.swift */; };
		458BAF9F2B78914B008FEDAC /* API.swift in Sources */ = {isa = PBXBuildFile; fileRef = 458BAF9E2B78914B008FEDAC /* API.swift */; };
		45B5BF122B82877400D1FCD9 /* NetwokingClient in Frameworks */ = {isa = PBXBuildFile; productRef = 45B5BF112B82877400D1FCD9 /* NetwokingClient */; };
/* End PBXBuildFile section */

/* Begin PBXContainerItemProxy section */
		4570B0902C52F50900555132 /* PBXContainerItemProxy */ = {
			isa = PBXContainerItemProxy;
			containerPortal = 458BAF4B2B788BF4008FEDAC /* Project object */;
			proxyType = 1;
			remoteGlobalIDString = 458BAF522B788BF4008FEDAC;
			remoteInfo = api;
		};
/* End PBXContainerItemProxy section */

/* Begin PBXFileReference section */
		4570B08C2C52F50900555132 /* apiTests.xctest */ = {isa = PBXFileReference; explicitFileType = wrapper.cfbundle; includeInIndex = 0; path = apiTests.xctest; sourceTree = BUILT_PRODUCTS_DIR; };
		4570B08E2C52F50900555132 /* apiTests.swift */ = {isa = PBXFileReference; lastKnownFileType = sourcecode.swift; path = apiTests.swift; sourceTree = "<group>"; };
		4583DE012BD02F4F005230AD /* HTTPClientError.swift */ = {isa = PBXFileReference; fileEncoding = 4; lastKnownFileType = sourcecode.swift; path = HTTPClientError.swift; sourceTree = "<group>"; };
		458BAF532B788BF4008FEDAC /* api.app */ = {isa = PBXFileReference; explicitFileType = wrapper.application; includeInIndex = 0; path = api.app; sourceTree = BUILT_PRODUCTS_DIR; };
		458BAF562B788BF4008FEDAC /* apiApp.swift */ = {isa = PBXFileReference; lastKnownFileType = sourcecode.swift; path = apiApp.swift; sourceTree = "<group>"; };
		458BAF5A2B788BF4008FEDAC /* ContentView.swift */ = {isa = PBXFileReference; lastKnownFileType = sourcecode.swift; path = ContentView.swift; sourceTree = "<group>"; };
		458BAF5C2B788BF5008FEDAC /* Assets.xcassets */ = {isa = PBXFileReference; lastKnownFileType = folder.assetcatalog; path = Assets.xcassets; sourceTree = "<group>"; };
		458BAF5F2B788BF5008FEDAC /* Preview Assets.xcassets */ = {isa = PBXFileReference; lastKnownFileType = folder.assetcatalog; path = "Preview Assets.xcassets"; sourceTree = "<group>"; };
		458BAF612B788BF5008FEDAC /* Info.plist */ = {isa = PBXFileReference; lastKnownFileType = text.plist.xml; path = Info.plist; sourceTree = "<group>"; };
		458BAF872B788C8F008FEDAC /* CoinsClient.swift */ = {isa = PBXFileReference; fileEncoding = 4; lastKnownFileType = sourcecode.swift; path = CoinsClient.swift; sourceTree = "<group>"; };
		458BAF882B788C8F008FEDAC /* GlobalClient.swift */ = {isa = PBXFileReference; fileEncoding = 4; lastKnownFileType = sourcecode.swift; path = GlobalClient.swift; sourceTree = "<group>"; };
		458BAF892B788C8F008FEDAC /* SimpleClient.swift */ = {isa = PBXFileReference; fileEncoding = 4; lastKnownFileType = sourcecode.swift; path = SimpleClient.swift; sourceTree = "<group>"; };
		458BAF8F2B788C9A008FEDAC /* EndpointClient.swift */ = {isa = PBXFileReference; fileEncoding = 4; lastKnownFileType = sourcecode.swift; path = EndpointClient.swift; sourceTree = "<group>"; };
		458BAF922B788CA9008FEDAC /* CriptoCurrencyPriceInfoDTO.swift */ = {isa = PBXFileReference; fileEncoding = 4; lastKnownFileType = sourcecode.swift; path = CriptoCurrencyPriceInfoDTO.swift; sourceTree = "<group>"; };
		458BAF932B788CA9008FEDAC /* CriptoCurrencyBasicDTO.swift */ = {isa = PBXFileReference; fileEncoding = 4; lastKnownFileType = sourcecode.swift; path = CriptoCurrencyBasicDTO.swift; sourceTree = "<group>"; };
		458BAF942B788CA9008FEDAC /* CryptoCurrencyGlobalInfoDTO.swift */ = {isa = PBXFileReference; fileEncoding = 4; lastKnownFileType = sourcecode.swift; path = CryptoCurrencyGlobalInfoDTO.swift; sourceTree = "<group>"; };
		458BAF982B788DE8008FEDAC /* Enviroment.swift */ = {isa = PBXFileReference; lastKnownFileType = sourcecode.swift; path = Enviroment.swift; sourceTree = "<group>"; };
		458BAF9C2B788F8B008FEDAC /* BaseUrl.swift */ = {isa = PBXFileReference; fileEncoding = 4; lastKnownFileType = sourcecode.swift; path = BaseUrl.swift; sourceTree = "<group>"; };
		458BAF9E2B78914B008FEDAC /* API.swift */ = {isa = PBXFileReference; lastKnownFileType = sourcecode.swift; path = API.swift; sourceTree = "<group>"; };
/* End PBXFileReference section */

/* Begin PBXFrameworksBuildPhase section */
		4570B0892C52F50900555132 /* Frameworks */ = {
			isa = PBXFrameworksBuildPhase;
			buildActionMask = 2147483647;
			files = (
			);
			runOnlyForDeploymentPostprocessing = 0;
		};
		458BAF502B788BF4008FEDAC /* Frameworks */ = {
			isa = PBXFrameworksBuildPhase;
			buildActionMask = 2147483647;
			files = (
				45B5BF122B82877400D1FCD9 /* NetwokingClient in Frameworks */,
			);
			runOnlyForDeploymentPostprocessing = 0;
		};
/* End PBXFrameworksBuildPhase section */

/* Begin PBXGroup section */
		4570B08D2C52F50900555132 /* apiTests */ = {
			isa = PBXGroup;
			children = (
				4570B08E2C52F50900555132 /* apiTests.swift */,
			);
			path = apiTests;
			sourceTree = "<group>";
		};
		458BAF4A2B788BF4008FEDAC = {
			isa = PBXGroup;
			children = (
				458BAF552B788BF4008FEDAC /* api */,
				4570B08D2C52F50900555132 /* apiTests */,
				458BAF542B788BF4008FEDAC /* Products */,
			);
			sourceTree = "<group>";
		};
		458BAF542B788BF4008FEDAC /* Products */ = {
			isa = PBXGroup;
			children = (
				458BAF532B788BF4008FEDAC /* api.app */,
				4570B08C2C52F50900555132 /* apiTests.xctest */,
			);
			name = Products;
			sourceTree = "<group>";
		};
		458BAF552B788BF4008FEDAC /* api */ = {
			isa = PBXGroup;
			children = (
				458BAF912B788C9F008FEDAC /* Model */,
				458BAF842B788C36008FEDAC /* API */,
				458BAF562B788BF4008FEDAC /* apiApp.swift */,
				458BAF5A2B788BF4008FEDAC /* ContentView.swift */,
				458BAF5C2B788BF5008FEDAC /* Assets.xcassets */,
				458BAF612B788BF5008FEDAC /* Info.plist */,
				458BAF5E2B788BF5008FEDAC /* Preview Content */,
			);
			path = api;
			sourceTree = "<group>";
		};
		458BAF5E2B788BF5008FEDAC /* Preview Content */ = {
			isa = PBXGroup;
			children = (
				458BAF5F2B788BF5008FEDAC /* Preview Assets.xcassets */,
			);
			path = "Preview Content";
			sourceTree = "<group>";
		};
		458BAF842B788C36008FEDAC /* API */ = {
			isa = PBXGroup;
			children = (
				458BAF9B2B788E30008FEDAC /* API */,
				458BAF9A2B788E1F008FEDAC /* Server */,
			);
			path = API;
			sourceTree = "<group>";
		};
		458BAF862B788C6D008FEDAC /* EndpointClients */ = {
			isa = PBXGroup;
			children = (
				458BAF872B788C8F008FEDAC /* CoinsClient.swift */,
				458BAF882B788C8F008FEDAC /* GlobalClient.swift */,
				458BAF892B788C8F008FEDAC /* SimpleClient.swift */,
			);
			path = EndpointClients;
			sourceTree = "<group>";
		};
		458BAF912B788C9F008FEDAC /* Model */ = {
			isa = PBXGroup;
			children = (
				458BAF932B788CA9008FEDAC /* CriptoCurrencyBasicDTO.swift */,
				458BAF922B788CA9008FEDAC /* CriptoCurrencyPriceInfoDTO.swift */,
				458BAF942B788CA9008FEDAC /* CryptoCurrencyGlobalInfoDTO.swift */,
			);
			path = Model;
			sourceTree = "<group>";
		};
		458BAF9A2B788E1F008FEDAC /* Server */ = {
			isa = PBXGroup;
			children = (
				4583DE012BD02F4F005230AD /* HTTPClientError.swift */,
				458BAF9C2B788F8B008FEDAC /* BaseUrl.swift */,
				458BAF982B788DE8008FEDAC /* Enviroment.swift */,
			);
			path = Server;
			sourceTree = "<group>";
		};
		458BAF9B2B788E30008FEDAC /* API */ = {
			isa = PBXGroup;
			children = (
				458BAF9E2B78914B008FEDAC /* API.swift */,
				458BAF8F2B788C9A008FEDAC /* EndpointClient.swift */,
				458BAF862B788C6D008FEDAC /* EndpointClients */,
			);
			path = API;
			sourceTree = "<group>";
		};
/* End PBXGroup section */

/* Begin PBXNativeTarget section */
		4570B08B2C52F50900555132 /* apiTests */ = {
			isa = PBXNativeTarget;
			buildConfigurationList = 4570B0922C52F50900555132 /* Build configuration list for PBXNativeTarget "apiTests" */;
			buildPhases = (
				4570B0882C52F50900555132 /* Sources */,
				4570B0892C52F50900555132 /* Frameworks */,
				4570B08A2C52F50900555132 /* Resources */,
			);
			buildRules = (
			);
			dependencies = (
				4570B0912C52F50900555132 /* PBXTargetDependency */,
			);
			name = apiTests;
			productName = apiTests;
			productReference = 4570B08C2C52F50900555132 /* apiTests.xctest */;
			productType = "com.apple.product-type.bundle.unit-test";
		};
		458BAF522B788BF4008FEDAC /* api */ = {
			isa = PBXNativeTarget;
			buildConfigurationList = 458BAF7A2B788BF5008FEDAC /* Build configuration list for PBXNativeTarget "api" */;
			buildPhases = (
				458BAF4F2B788BF4008FEDAC /* Sources */,
				458BAF502B788BF4008FEDAC /* Frameworks */,
				458BAF512B788BF4008FEDAC /* Resources */,
			);
			buildRules = (
			);
			dependencies = (
			);
			name = api;
			packageProductDependencies = (
				45B5BF112B82877400D1FCD9 /* NetwokingClient */,
			);
			productName = api;
			productReference = 458BAF532B788BF4008FEDAC /* api.app */;
			productType = "com.apple.product-type.application";
		};
/* End PBXNativeTarget section */

/* Begin PBXProject section */
		458BAF4B2B788BF4008FEDAC /* Project object */ = {
			isa = PBXProject;
			attributes = {
				BuildIndependentTargetsInParallel = 1;
				LastSwiftUpdateCheck = 1540;
				LastUpgradeCheck = 1520;
				TargetAttributes = {
					4570B08B2C52F50900555132 = {
						CreatedOnToolsVersion = 15.4;
						TestTargetID = 458BAF522B788BF4008FEDAC;
					};
					458BAF522B788BF4008FEDAC = {
						CreatedOnToolsVersion = 15.2;
					};
				};
			};
			buildConfigurationList = 458BAF4E2B788BF4008FEDAC /* Build configuration list for PBXProject "api" */;
			compatibilityVersion = "Xcode 14.0";
			developmentRegion = en;
			hasScannedForEncodings = 0;
			knownRegions = (
				en,
				Base,
			);
			mainGroup = 458BAF4A2B788BF4008FEDAC;
			packageReferences = (
				45B5BF102B82877400D1FCD9 /* XCRemoteSwiftPackageReference "SwiftNetworkingLayer" */,
			);
			productRefGroup = 458BAF542B788BF4008FEDAC /* Products */;
			projectDirPath = "";
			projectRoot = "";
			targets = (
				458BAF522B788BF4008FEDAC /* api */,
				4570B08B2C52F50900555132 /* apiTests */,
			);
		};
/* End PBXProject section */

/* Begin PBXResourcesBuildPhase section */
		4570B08A2C52F50900555132 /* Resources */ = {
			isa = PBXResourcesBuildPhase;
			buildActionMask = 2147483647;
			files = (
			);
			runOnlyForDeploymentPostprocessing = 0;
		};
		458BAF512B788BF4008FEDAC /* Resources */ = {
			isa = PBXResourcesBuildPhase;
			buildActionMask = 2147483647;
			files = (
				458BAF602B788BF5008FEDAC /* Preview Assets.xcassets in Resources */,
				458BAF5D2B788BF5008FEDAC /* Assets.xcassets in Resources */,
			);
			runOnlyForDeploymentPostprocessing = 0;
		};
/* End PBXResourcesBuildPhase section */

/* Begin PBXSourcesBuildPhase section */
		4570B0882C52F50900555132 /* Sources */ = {
			isa = PBXSourcesBuildPhase;
			buildActionMask = 2147483647;
			files = (
				4570B08F2C52F50900555132 /* apiTests.swift in Sources */,
			);
			runOnlyForDeploymentPostprocessing = 0;
		};
		458BAF4F2B788BF4008FEDAC /* Sources */ = {
			isa = PBXSourcesBuildPhase;
			buildActionMask = 2147483647;
			files = (
				458BAF952B788CA9008FEDAC /* CriptoCurrencyPriceInfoDTO.swift in Sources */,
				458BAF8C2B788C8F008FEDAC /* SimpleClient.swift in Sources */,
				458BAF9D2B788F8C008FEDAC /* BaseUrl.swift in Sources */,
				458BAF992B788DE8008FEDAC /* Enviroment.swift in Sources */,
				458BAF572B788BF4008FEDAC /* apiApp.swift in Sources */,
				458BAF9F2B78914B008FEDAC /* API.swift in Sources */,
				458BAF8B2B788C8F008FEDAC /* GlobalClient.swift in Sources */,
				458BAF972B788CA9008FEDAC /* CryptoCurrencyGlobalInfoDTO.swift in Sources */,
				4583DE022BD02F4F005230AD /* HTTPClientError.swift in Sources */,
				458BAF5B2B788BF4008FEDAC /* ContentView.swift in Sources */,
				458BAF962B788CA9008FEDAC /* CriptoCurrencyBasicDTO.swift in Sources */,
				458BAF8A2B788C8F008FEDAC /* CoinsClient.swift in Sources */,
				458BAF902B788C9A008FEDAC /* EndpointClient.swift in Sources */,
			);
			runOnlyForDeploymentPostprocessing = 0;
		};
/* End PBXSourcesBuildPhase section */

/* Begin PBXTargetDependency section */
		4570B0912C52F50900555132 /* PBXTargetDependency */ = {
			isa = PBXTargetDependency;
			target = 458BAF522B788BF4008FEDAC /* api */;
			targetProxy = 4570B0902C52F50900555132 /* PBXContainerItemProxy */;
		};
/* End PBXTargetDependency section */

/* Begin XCBuildConfiguration section */
		4570B0932C52F50900555132 /* Debug */ = {
			isa = XCBuildConfiguration;
			buildSettings = {
				BUNDLE_LOADER = "$(TEST_HOST)";
				CODE_SIGN_STYLE = Automatic;
				CURRENT_PROJECT_VERSION = 1;
				DEVELOPMENT_TEAM = 8VG3M5D46N;
				GENERATE_INFOPLIST_FILE = YES;
				IPHONEOS_DEPLOYMENT_TARGET = 16.0;
				MARKETING_VERSION = 1.0;
				PRODUCT_BUNDLE_IDENTIFIER = "carlos-jaramillo.apiTests";
				PRODUCT_NAME = "$(TARGET_NAME)";
				SWIFT_EMIT_LOC_STRINGS = NO;
				SWIFT_VERSION = 5.0;
				TARGETED_DEVICE_FAMILY = "1,2";
				TEST_HOST = "$(BUILT_PRODUCTS_DIR)/api.app/$(BUNDLE_EXECUTABLE_FOLDER_PATH)/api";
			};
			name = Debug;
		};
		4570B0942C52F50900555132 /* Release */ = {
			isa = XCBuildConfiguration;
			buildSettings = {
				BUNDLE_LOADER = "$(TEST_HOST)";
				CODE_SIGN_STYLE = Automatic;
				CURRENT_PROJECT_VERSION = 1;
				DEVELOPMENT_TEAM = 8VG3M5D46N;
				GENERATE_INFOPLIST_FILE = YES;
				IPHONEOS_DEPLOYMENT_TARGET = 16.0;
				MARKETING_VERSION = 1.0;
				PRODUCT_BUNDLE_IDENTIFIER = "carlos-jaramillo.apiTests";
				PRODUCT_NAME = "$(TARGET_NAME)";
				SWIFT_EMIT_LOC_STRINGS = NO;
				SWIFT_VERSION = 5.0;
				TARGETED_DEVICE_FAMILY = "1,2";
				TEST_HOST = "$(BUILT_PRODUCTS_DIR)/api.app/$(BUNDLE_EXECUTABLE_FOLDER_PATH)/api";
			};
			name = Release;
		};
		458BAF782B788BF5008FEDAC /* Debug */ = {
			isa = XCBuildConfiguration;
			buildSettings = {
				ALWAYS_SEARCH_USER_PATHS = NO;
				ASSETCATALOG_COMPILER_GENERATE_SWIFT_ASSET_SYMBOL_EXTENSIONS = YES;
				CLANG_ANALYZER_NONNULL = YES;
				CLANG_ANALYZER_NUMBER_OBJECT_CONVERSION = YES_AGGRESSIVE;
				CLANG_CXX_LANGUAGE_STANDARD = "gnu++20";
				CLANG_ENABLE_MODULES = YES;
				CLANG_ENABLE_OBJC_ARC = YES;
				CLANG_ENABLE_OBJC_WEAK = YES;
				CLANG_WARN_BLOCK_CAPTURE_AUTORELEASING = YES;
				CLANG_WARN_BOOL_CONVERSION = YES;
				CLANG_WARN_COMMA = YES;
				CLANG_WARN_CONSTANT_CONVERSION = YES;
				CLANG_WARN_DEPRECATED_OBJC_IMPLEMENTATIONS = YES;
				CLANG_WARN_DIRECT_OBJC_ISA_USAGE = YES_ERROR;
				CLANG_WARN_DOCUMENTATION_COMMENTS = YES;
				CLANG_WARN_EMPTY_BODY = YES;
				CLANG_WARN_ENUM_CONVERSION = YES;
				CLANG_WARN_INFINITE_RECURSION = YES;
				CLANG_WARN_INT_CONVERSION = YES;
				CLANG_WARN_NON_LITERAL_NULL_CONVERSION = YES;
				CLANG_WARN_OBJC_IMPLICIT_RETAIN_SELF = YES;
				CLANG_WARN_OBJC_LITERAL_CONVERSION = YES;
				CLANG_WARN_OBJC_ROOT_CLASS = YES_ERROR;
				CLANG_WARN_QUOTED_INCLUDE_IN_FRAMEWORK_HEADER = YES;
				CLANG_WARN_RANGE_LOOP_ANALYSIS = YES;
				CLANG_WARN_STRICT_PROTOTYPES = YES;
				CLANG_WARN_SUSPICIOUS_MOVE = YES;
				CLANG_WARN_UNGUARDED_AVAILABILITY = YES_AGGRESSIVE;
				CLANG_WARN_UNREACHABLE_CODE = YES;
				CLANG_WARN__DUPLICATE_METHOD_MATCH = YES;
				COPY_PHASE_STRIP = NO;
				DEBUG_INFORMATION_FORMAT = dwarf;
				ENABLE_STRICT_OBJC_MSGSEND = YES;
				ENABLE_TESTABILITY = YES;
				ENABLE_USER_SCRIPT_SANDBOXING = YES;
				GCC_C_LANGUAGE_STANDARD = gnu17;
				GCC_DYNAMIC_NO_PIC = NO;
				GCC_NO_COMMON_BLOCKS = YES;
				GCC_OPTIMIZATION_LEVEL = 0;
				GCC_PREPROCESSOR_DEFINITIONS = (
					"DEBUG=1",
					"$(inherited)",
				);
				GCC_WARN_64_TO_32_BIT_CONVERSION = YES;
				GCC_WARN_ABOUT_RETURN_TYPE = YES_ERROR;
				GCC_WARN_UNDECLARED_SELECTOR = YES;
				GCC_WARN_UNINITIALIZED_AUTOS = YES_AGGRESSIVE;
				GCC_WARN_UNUSED_FUNCTION = YES;
				GCC_WARN_UNUSED_VARIABLE = YES;
				IPHONEOS_DEPLOYMENT_TARGET = 17.2;
				LOCALIZATION_PREFERS_STRING_CATALOGS = YES;
				MTL_ENABLE_DEBUG_INFO = INCLUDE_SOURCE;
				MTL_FAST_MATH = YES;
				ONLY_ACTIVE_ARCH = YES;
				SDKROOT = iphoneos;
				SWIFT_ACTIVE_COMPILATION_CONDITIONS = "DEBUG $(inherited)";
				SWIFT_OPTIMIZATION_LEVEL = "-Onone";
			};
			name = Debug;
		};
		458BAF792B788BF5008FEDAC /* Release */ = {
			isa = XCBuildConfiguration;
			buildSettings = {
				ALWAYS_SEARCH_USER_PATHS = NO;
				ASSETCATALOG_COMPILER_GENERATE_SWIFT_ASSET_SYMBOL_EXTENSIONS = YES;
				CLANG_ANALYZER_NONNULL = YES;
				CLANG_ANALYZER_NUMBER_OBJECT_CONVERSION = YES_AGGRESSIVE;
				CLANG_CXX_LANGUAGE_STANDARD = "gnu++20";
				CLANG_ENABLE_MODULES = YES;
				CLANG_ENABLE_OBJC_ARC = YES;
				CLANG_ENABLE_OBJC_WEAK = YES;
				CLANG_WARN_BLOCK_CAPTURE_AUTORELEASING = YES;
				CLANG_WARN_BOOL_CONVERSION = YES;
				CLANG_WARN_COMMA = YES;
				CLANG_WARN_CONSTANT_CONVERSION = YES;
				CLANG_WARN_DEPRECATED_OBJC_IMPLEMENTATIONS = YES;
				CLANG_WARN_DIRECT_OBJC_ISA_USAGE = YES_ERROR;
				CLANG_WARN_DOCUMENTATION_COMMENTS = YES;
				CLANG_WARN_EMPTY_BODY = YES;
				CLANG_WARN_ENUM_CONVERSION = YES;
				CLANG_WARN_INFINITE_RECURSION = YES;
				CLANG_WARN_INT_CONVERSION = YES;
				CLANG_WARN_NON_LITERAL_NULL_CONVERSION = YES;
				CLANG_WARN_OBJC_IMPLICIT_RETAIN_SELF = YES;
				CLANG_WARN_OBJC_LITERAL_CONVERSION = YES;
				CLANG_WARN_OBJC_ROOT_CLASS = YES_ERROR;
				CLANG_WARN_QUOTED_INCLUDE_IN_FRAMEWORK_HEADER = YES;
				CLANG_WARN_RANGE_LOOP_ANALYSIS = YES;
				CLANG_WARN_STRICT_PROTOTYPES = YES;
				CLANG_WARN_SUSPICIOUS_MOVE = YES;
				CLANG_WARN_UNGUARDED_AVAILABILITY = YES_AGGRESSIVE;
				CLANG_WARN_UNREACHABLE_CODE = YES;
				CLANG_WARN__DUPLICATE_METHOD_MATCH = YES;
				COPY_PHASE_STRIP = NO;
				DEBUG_INFORMATION_FORMAT = "dwarf-with-dsym";
				ENABLE_NS_ASSERTIONS = NO;
				ENABLE_STRICT_OBJC_MSGSEND = YES;
				ENABLE_USER_SCRIPT_SANDBOXING = YES;
				GCC_C_LANGUAGE_STANDARD = gnu17;
				GCC_NO_COMMON_BLOCKS = YES;
				GCC_WARN_64_TO_32_BIT_CONVERSION = YES;
				GCC_WARN_ABOUT_RETURN_TYPE = YES_ERROR;
				GCC_WARN_UNDECLARED_SELECTOR = YES;
				GCC_WARN_UNINITIALIZED_AUTOS = YES_AGGRESSIVE;
				GCC_WARN_UNUSED_FUNCTION = YES;
				GCC_WARN_UNUSED_VARIABLE = YES;
				IPHONEOS_DEPLOYMENT_TARGET = 17.2;
				LOCALIZATION_PREFERS_STRING_CATALOGS = YES;
				MTL_ENABLE_DEBUG_INFO = NO;
				MTL_FAST_MATH = YES;
				SDKROOT = iphoneos;
				SWIFT_COMPILATION_MODE = wholemodule;
				VALIDATE_PRODUCT = YES;
			};
			name = Release;
		};
		458BAF7B2B788BF5008FEDAC /* Debug */ = {
			isa = XCBuildConfiguration;
			buildSettings = {
				ASSETCATALOG_COMPILER_APPICON_NAME = AppIcon;
				ASSETCATALOG_COMPILER_GLOBAL_ACCENT_COLOR_NAME = AccentColor;
				CODE_SIGN_STYLE = Automatic;
				CURRENT_PROJECT_VERSION = 1;
				DEVELOPMENT_ASSET_PATHS = "\"api/Preview Content\"";
				DEVELOPMENT_TEAM = 8VG3M5D46N;
				ENABLE_PREVIEWS = YES;
				GENERATE_INFOPLIST_FILE = YES;
				INFOPLIST_FILE = api/Info.plist;
				INFOPLIST_KEY_UIApplicationSceneManifest_Generation = YES;
				INFOPLIST_KEY_UIApplicationSupportsIndirectInputEvents = YES;
				INFOPLIST_KEY_UILaunchScreen_Generation = YES;
				INFOPLIST_KEY_UISupportedInterfaceOrientations_iPad = "UIInterfaceOrientationPortrait UIInterfaceOrientationPortraitUpsideDown UIInterfaceOrientationLandscapeLeft UIInterfaceOrientationLandscapeRight";
				INFOPLIST_KEY_UISupportedInterfaceOrientations_iPhone = "UIInterfaceOrientationPortrait UIInterfaceOrientationLandscapeLeft UIInterfaceOrientationLandscapeRight";
				INFOPLIST_KEY_UISupportsDocumentBrowser = YES;
				IPHONEOS_DEPLOYMENT_TARGET = 16.0;
				LD_RUNPATH_SEARCH_PATHS = (
					"$(inherited)",
					"@executable_path/Frameworks",
				);
				MARKETING_VERSION = 1.0;
				PRODUCT_BUNDLE_IDENTIFIER = "carlos-jaramillo.api";
				PRODUCT_NAME = "$(TARGET_NAME)";
				SUPPORTED_PLATFORMS = "iphoneos iphonesimulator";
				SUPPORTS_MACCATALYST = NO;
				SUPPORTS_MAC_DESIGNED_FOR_IPHONE_IPAD = NO;
				SUPPORTS_XR_DESIGNED_FOR_IPHONE_IPAD = NO;
				SWIFT_EMIT_LOC_STRINGS = YES;
				SWIFT_VERSION = 5.0;
				TARGETED_DEVICE_FAMILY = 1;
			};
			name = Debug;
		};
		458BAF7C2B788BF5008FEDAC /* Release */ = {
			isa = XCBuildConfiguration;
			buildSettings = {
				ASSETCATALOG_COMPILER_APPICON_NAME = AppIcon;
				ASSETCATALOG_COMPILER_GLOBAL_ACCENT_COLOR_NAME = AccentColor;
				CODE_SIGN_STYLE = Automatic;
				CURRENT_PROJECT_VERSION = 1;
				DEVELOPMENT_ASSET_PATHS = "\"api/Preview Content\"";
				DEVELOPMENT_TEAM = 8VG3M5D46N;
				ENABLE_PREVIEWS = YES;
				GENERATE_INFOPLIST_FILE = YES;
				INFOPLIST_FILE = api/Info.plist;
				INFOPLIST_KEY_UIApplicationSceneManifest_Generation = YES;
				INFOPLIST_KEY_UIApplicationSupportsIndirectInputEvents = YES;
				INFOPLIST_KEY_UILaunchScreen_Generation = YES;
				INFOPLIST_KEY_UISupportedInterfaceOrientations_iPad = "UIInterfaceOrientationPortrait UIInterfaceOrientationPortraitUpsideDown UIInterfaceOrientationLandscapeLeft UIInterfaceOrientationLandscapeRight";
				INFOPLIST_KEY_UISupportedInterfaceOrientations_iPhone = "UIInterfaceOrientationPortrait UIInterfaceOrientationLandscapeLeft UIInterfaceOrientationLandscapeRight";
				INFOPLIST_KEY_UISupportsDocumentBrowser = YES;
				IPHONEOS_DEPLOYMENT_TARGET = 16.0;
				LD_RUNPATH_SEARCH_PATHS = (
					"$(inherited)",
					"@executable_path/Frameworks",
				);
				MARKETING_VERSION = 1.0;
				PRODUCT_BUNDLE_IDENTIFIER = "carlos-jaramillo.api";
				PRODUCT_NAME = "$(TARGET_NAME)";
				SUPPORTED_PLATFORMS = "iphoneos iphonesimulator";
				SUPPORTS_MACCATALYST = NO;
				SUPPORTS_MAC_DESIGNED_FOR_IPHONE_IPAD = NO;
				SUPPORTS_XR_DESIGNED_FOR_IPHONE_IPAD = NO;
				SWIFT_EMIT_LOC_STRINGS = YES;
				SWIFT_VERSION = 5.0;
				TARGETED_DEVICE_FAMILY = 1;
			};
			name = Release;
		};
/* End XCBuildConfiguration section */

/* Begin XCConfigurationList section */
		4570B0922C52F50900555132 /* Build configuration list for PBXNativeTarget "apiTests" */ = {
			isa = XCConfigurationList;
			buildConfigurations = (
				4570B0932C52F50900555132 /* Debug */,
				4570B0942C52F50900555132 /* Release */,
			);
			defaultConfigurationIsVisible = 0;
			defaultConfigurationName = Release;
		};
		458BAF4E2B788BF4008FEDAC /* Build configuration list for PBXProject "api" */ = {
			isa = XCConfigurationList;
			buildConfigurations = (
				458BAF782B788BF5008FEDAC /* Debug */,
				458BAF792B788BF5008FEDAC /* Release */,
			);
			defaultConfigurationIsVisible = 0;
			defaultConfigurationName = Release;
		};
		458BAF7A2B788BF5008FEDAC /* Build configuration list for PBXNativeTarget "api" */ = {
			isa = XCConfigurationList;
			buildConfigurations = (
				458BAF7B2B788BF5008FEDAC /* Debug */,
				458BAF7C2B788BF5008FEDAC /* Release */,
			);
			defaultConfigurationIsVisible = 0;
			defaultConfigurationName = Release;
		};
/* End XCConfigurationList section */

/* Begin XCRemoteSwiftPackageReference section */
		45B5BF102B82877400D1FCD9 /* XCRemoteSwiftPackageReference "SwiftNetworkingLayer" */ = {
			isa = XCRemoteSwiftPackageReference;
			repositoryURL = "https://github.com/cjalberto/SwiftNetworkingLayer.git";
			requirement = {
				branch = develop;
				kind = branch;
			};
		};
/* End XCRemoteSwiftPackageReference section */

/* Begin XCSwiftPackageProductDependency section */
		45B5BF112B82877400D1FCD9 /* NetwokingClient */ = {
			isa = XCSwiftPackageProductDependency;
			package = 45B5BF102B82877400D1FCD9 /* XCRemoteSwiftPackageReference "SwiftNetworkingLayer" */;
			productName = NetwokingClient;
		};
/* End XCSwiftPackageProductDependency section */
	};
	rootObject = 458BAF4B2B788BF4008FEDAC /* Project object */;
}
